
Microsoft Visual Studio Solution File, Format Version 12.00
# Visual Studio 15
VisualStudioVersion = 15.0.27703.2035
MinimumVisualStudioVersion = 10.0.40219.1
Project("{8BC9CEB8-8B4A-11D0-8D11-00A0C91BC942}") = "01_CircularQueue_Example", "01_CircularQueue_Example\01_CircularQueue_Example.vcxproj", "{C436BA28-A8DE-4A81-A72A-F61A9BA26E5A}"
EndProject
Project("{8BC9CEB8-8B4A-11D0-8D11-00A0C91BC942}") = "02_ArrayLinkedList_Example", "02_ArrayLinkedList_Example\02_ArrayLinkedList_Example.vcxproj", "{985EC0E2-31B9-4F6C-89FB-50E60784568D}"
EndProject
Project("{8BC9CEB8-8B4A-11D0-8D11-00A0C91BC942}") = "03_SinglyLinkedList_Example", "03_SinglyLinkedList_Example\03_SinglyLinkedList_Example.vcxproj", "{5E06008E-AFDC-400D-B03A-7D41EC8DF46F}"
EndProject
Project("{8BC9CEB8-8B4A-11D0-8D11-00A0C91BC942}") = "02_ArrayLinkedList_Template_Example", "02_ArrayLinkedList_Template_Example\02_ArrayLinkedList_Template_Example.vcxproj", "{5A35DCA4-DB3C-4EF0-98D8-6F9FF306ACAE}"
EndProject
Project("{8BC9CEB8-8B4A-11D0-8D11-00A0C91BC942}") = "03_SinglyLinkedList_NoDummy_Example", "03_SinglyLinkedList_NoDummy_Example\03_SinglyLinkedList_NoDummy_Example.vcxproj", "{CE20E901-5D2B-43DA-95CA-A72506DFDCF6}"
EndProject
Project("{8BC9CEB8-8B4A-11D0-8D11-00A0C91BC942}") = "03_SinglyLinkedList_Template_Example", "03_SinglyLinkedList_Template_Example\03_SinglyLinkedList_Template_Example.vcxproj", "{D7BF124D-215A-4D7F-9569-9993C6D24C68}"
EndProject
Project("{8BC9CEB8-8B4A-11D0-8D11-00A0C91BC942}") = "04_CircularLinkedList_NoDummy_Example", "04_CircularLinkedList_NoDummy_Example\04_CircularLinkedList_NoDummy_Example.vcxproj", "{63624593-028E-4D4F-9D34-7B4382530BA7}"
EndProject
Project("{8BC9CEB8-8B4A-11D0-8D11-00A0C91BC942}") = "05_DoublyLinkedList_NoDummy_Example", "05_DoublyLinkedList_NoDummy_Example\05_DoublyLinkedList_NoDummy_Example.vcxproj", "{2B5CD9DD-0B32-4C8B-A9FE-BAA2155C3F08}"
EndProject
Project("{8BC9CEB8-8B4A-11D0-8D11-00A0C91BC942}") = "06_ArrayStack", "06_ArrayStack\06_ArrayStack.vcxproj", "{327A0889-823B-45A2-A8B8-EB166C173B62}"
EndProject
Project("{8BC9CEB8-8B4A-11D0-8D11-00A0C91BC942}") = "07_BinaryTree_Example", "07_BinaryTree_Example\07_BinaryTree_Example.vcxproj", "{3D14F67C-DBB1-4866-A5CA-DBC0EB86D585}"
EndProject
Global
	GlobalSection(SolutionConfigurationPlatforms) = preSolution
		Debug|x64 = Debug|x64
		Debug|x86 = Debug|x86
		Release|x64 = Release|x64
		Release|x86 = Release|x86
	EndGlobalSection
	GlobalSection(ProjectConfigurationPlatforms) = postSolution
		{C436BA28-A8DE-4A81-A72A-F61A9BA26E5A}.Debug|x64.ActiveCfg = Debug|x64
		{C436BA28-A8DE-4A81-A72A-F61A9BA26E5A}.Debug|x64.Build.0 = Debug|x64
		{C436BA28-A8DE-4A81-A72A-F61A9BA26E5A}.Debug|x86.ActiveCfg = Debug|Win32
		{C436BA28-A8DE-4A81-A72A-F61A9BA26E5A}.Debug|x86.Build.0 = Debug|Win32
		{C436BA28-A8DE-4A81-A72A-F61A9BA26E5A}.Release|x64.ActiveCfg = Release|x64
		{C436BA28-A8DE-4A81-A72A-F61A9BA26E5A}.Release|x64.Build.0 = Release|x64
		{C436BA28-A8DE-4A81-A72A-F61A9BA26E5A}.Release|x86.ActiveCfg = Release|Win32
		{C436BA28-A8DE-4A81-A72A-F61A9BA26E5A}.Release|x86.Build.0 = Release|Win32
		{985EC0E2-31B9-4F6C-89FB-50E60784568D}.Debug|x64.ActiveCfg = Debug|x64
		{985EC0E2-31B9-4F6C-89FB-50E60784568D}.Debug|x64.Build.0 = Debug|x64
		{985EC0E2-31B9-4F6C-89FB-50E60784568D}.Debug|x86.ActiveCfg = Debug|Win32
		{985EC0E2-31B9-4F6C-89FB-50E60784568D}.Debug|x86.Build.0 = Debug|Win32
		{985EC0E2-31B9-4F6C-89FB-50E60784568D}.Release|x64.ActiveCfg = Release|x64
		{985EC0E2-31B9-4F6C-89FB-50E60784568D}.Release|x64.Build.0 = Release|x64
		{985EC0E2-31B9-4F6C-89FB-50E60784568D}.Release|x86.ActiveCfg = Release|Win32
		{985EC0E2-31B9-4F6C-89FB-50E60784568D}.Release|x86.Build.0 = Release|Win32
		{5E06008E-AFDC-400D-B03A-7D41EC8DF46F}.Debug|x64.ActiveCfg = Debug|x64
		{5E06008E-AFDC-400D-B03A-7D41EC8DF46F}.Debug|x64.Build.0 = Debug|x64
		{5E06008E-AFDC-400D-B03A-7D41EC8DF46F}.Debug|x86.ActiveCfg = Debug|Win32
		{5E06008E-AFDC-400D-B03A-7D41EC8DF46F}.Debug|x86.Build.0 = Debug|Win32
		{5E06008E-AFDC-400D-B03A-7D41EC8DF46F}.Release|x64.ActiveCfg = Release|x64
		{5E06008E-AFDC-400D-B03A-7D41EC8DF46F}.Release|x64.Build.0 = Release|x64
		{5E06008E-AFDC-400D-B03A-7D41EC8DF46F}.Release|x86.ActiveCfg = Release|Win32
		{5E06008E-AFDC-400D-B03A-7D41EC8DF46F}.Release|x86.Build.0 = Release|Win32
		{5A35DCA4-DB3C-4EF0-98D8-6F9FF306ACAE}.Debug|x64.ActiveCfg = Debug|x64
		{5A35DCA4-DB3C-4EF0-98D8-6F9FF306ACAE}.Debug|x64.Build.0 = Debug|x64
		{5A35DCA4-DB3C-4EF0-98D8-6F9FF306ACAE}.Debug|x86.ActiveCfg = Debug|Win32
		{5A35DCA4-DB3C-4EF0-98D8-6F9FF306ACAE}.Debug|x86.Build.0 = Debug|Win32
		{5A35DCA4-DB3C-4EF0-98D8-6F9FF306ACAE}.Release|x64.ActiveCfg = Release|x64
		{5A35DCA4-DB3C-4EF0-98D8-6F9FF306ACAE}.Release|x64.Build.0 = Release|x64
		{5A35DCA4-DB3C-4EF0-98D8-6F9FF306ACAE}.Release|x86.ActiveCfg = Release|Win32
		{5A35DCA4-DB3C-4EF0-98D8-6F9FF306ACAE}.Release|x86.Build.0 = Release|Win32
		{CE20E901-5D2B-43DA-95CA-A72506DFDCF6}.Debug|x64.ActiveCfg = Debug|x64
		{CE20E901-5D2B-43DA-95CA-A72506DFDCF6}.Debug|x64.Build.0 = Debug|x64
		{CE20E901-5D2B-43DA-95CA-A72506DFDCF6}.Debug|x86.ActiveCfg = Debug|Win32
		{CE20E901-5D2B-43DA-95CA-A72506DFDCF6}.Debug|x86.Build.0 = Debug|Win32
		{CE20E901-5D2B-43DA-95CA-A72506DFDCF6}.Release|x64.ActiveCfg = Release|x64
		{CE20E901-5D2B-43DA-95CA-A72506DFDCF6}.Release|x64.Build.0 = Release|x64
		{CE20E901-5D2B-43DA-95CA-A72506DFDCF6}.Release|x86.ActiveCfg = Release|Win32
		{CE20E901-5D2B-43DA-95CA-A72506DFDCF6}.Release|x86.Build.0 = Release|Win32
		{D7BF124D-215A-4D7F-9569-9993C6D24C68}.Debug|x64.ActiveCfg = Debug|x64
		{D7BF124D-215A-4D7F-9569-9993C6D24C68}.Debug|x64.Build.0 = Debug|x64
		{D7BF124D-215A-4D7F-9569-9993C6D24C68}.Debug|x86.ActiveCfg = Debug|Win32
		{D7BF124D-215A-4D7F-9569-9993C6D24C68}.Debug|x86.Build.0 = Debug|Win32
		{D7BF124D-215A-4D7F-9569-9993C6D24C68}.Release|x64.ActiveCfg = Release|x64
		{D7BF124D-215A-4D7F-9569-9993C6D24C68}.Release|x64.Build.0 = Release|x64
		{D7BF124D-215A-4D7F-9569-9993C6D24C68}.Release|x86.ActiveCfg = Release|Win32
		{D7BF124D-215A-4D7F-9569-9993C6D24C68}.Release|x86.Build.0 = Release|Win32
		{63624593-028E-4D4F-9D34-7B4382530BA7}.Debug|x64.ActiveCfg = Debug|x64
		{63624593-028E-4D4F-9D34-7B4382530BA7}.Debug|x64.Build.0 = Debug|x64
		{63624593-028E-4D4F-9D34-7B4382530BA7}.Debug|x86.ActiveCfg = Debug|Win32
		{63624593-028E-4D4F-9D34-7B4382530BA7}.Debug|x86.Build.0 = Debug|Win32
		{63624593-028E-4D4F-9D34-7B4382530BA7}.Release|x64.ActiveCfg = Release|x64
		{63624593-028E-4D4F-9D34-7B4382530BA7}.Release|x64.Build.0 = Release|x64
		{63624593-028E-4D4F-9D34-7B4382530BA7}.Release|x86.ActiveCfg = Release|Win32
		{63624593-028E-4D4F-9D34-7B4382530BA7}.Release|x86.Build.0 = Release|Win32
		{2B5CD9DD-0B32-4C8B-A9FE-BAA2155C3F08}.Debug|x64.ActiveCfg = Debug|x64
		{2B5CD9DD-0B32-4C8B-A9FE-BAA2155C3F08}.Debug|x64.Build.0 = Debug|x64
		{2B5CD9DD-0B32-4C8B-A9FE-BAA2155C3F08}.Debug|x86.ActiveCfg = Debug|Win32
		{2B5CD9DD-0B32-4C8B-A9FE-BAA2155C3F08}.Debug|x86.Build.0 = Debug|Win32
		{2B5CD9DD-0B32-4C8B-A9FE-BAA2155C3F08}.Release|x64.ActiveCfg = Release|x64
		{2B5CD9DD-0B32-4C8B-A9FE-BAA2155C3F08}.Release|x64.Build.0 = Release|x64
		{2B5CD9DD-0B32-4C8B-A9FE-BAA2155C3F08}.Release|x86.ActiveCfg = Release|Win32
		{2B5CD9DD-0B32-4C8B-A9FE-BAA2155C3F08}.Release|x86.Build.0 = Release|Win32
		{327A0889-823B-45A2-A8B8-EB166C173B62}.Debug|x64.ActiveCfg = Debug|x64
		{327A0889-823B-45A2-A8B8-EB166C173B62}.Debug|x64.Build.0 = Debug|x64
		{327A0889-823B-45A2-A8B8-EB166C173B62}.Debug|x86.ActiveCfg = Debug|Win32
		{327A0889-823B-45A2-A8B8-EB166C173B62}.Debug|x86.Build.0 = Debug|Win32
		{327A0889-823B-45A2-A8B8-EB166C173B62}.Release|x64.ActiveCfg = Release|x64
		{327A0889-823B-45A2-A8B8-EB166C173B62}.Release|x64.Build.0 = Release|x64
		{327A0889-823B-45A2-A8B8-EB166C173B62}.Release|x86.ActiveCfg = Release|Win32
		{327A0889-823B-45A2-A8B8-EB166C173B62}.Release|x86.Build.0 = Release|Win32
		{3D14F67C-DBB1-4866-A5CA-DBC0EB86D585}.Debug|x64.ActiveCfg = Debug|x64
		{3D14F67C-DBB1-4866-A5CA-DBC0EB86D585}.Debug|x64.Build.0 = Debug|x64
		{3D14F67C-DBB1-4866-A5CA-DBC0EB86D585}.Debug|x86.ActiveCfg = Debug|Win32
		{3D14F67C-DBB1-4866-A5CA-DBC0EB86D585}.Debug|x86.Build.0 = Debug|Win32
		{3D14F67C-DBB1-4866-A5CA-DBC0EB86D585}.Release|x64.ActiveCfg = Release|x64
		{3D14F67C-DBB1-4866-A5CA-DBC0EB86D585}.Release|x64.Build.0 = Release|x64
		{3D14F67C-DBB1-4866-A5CA-DBC0EB86D585}.Release|x86.ActiveCfg = Release|Win32
		{3D14F67C-DBB1-4866-A5CA-DBC0EB86D585}.Release|x86.Build.0 = Release|Win32
	EndGlobalSection
	GlobalSection(SolutionProperties) = preSolution
		HideSolutionNode = FALSE
	EndGlobalSection
	GlobalSection(ExtensibilityGlobals) = postSolution
		SolutionGuid = {742A3890-32B1-4A31-B88E-DEADA3E45D8D}
	EndGlobalSection
EndGlobal
